// !$*UTF8*$!
{
	archiveVersion = 1;
	classes = {
	};
	objectVersion = 55;
	objects = {

/* Begin PBXBuildFile section */
		26957ACC28DC3B1A008F8493 /* AppDelegate.swift in Sources */ = {isa = PBXBuildFile; fileRef = 26957ACB28DC3B1A008F8493 /* AppDelegate.swift */; };
		26957ACE28DC3B1A008F8493 /* SceneDelegate.swift in Sources */ = {isa = PBXBuildFile; fileRef = 26957ACD28DC3B1A008F8493 /* SceneDelegate.swift */; };
		26957AD028DC3B1A008F8493 /* CommitVC.swift in Sources */ = {isa = PBXBuildFile; fileRef = 26957ACF28DC3B1A008F8493 /* CommitVC.swift */; };
		26957AD328DC3B1A008F8493 /* Main.storyboard in Resources */ = {isa = PBXBuildFile; fileRef = 26957AD128DC3B1A008F8493 /* Main.storyboard */; };
		26957AD528DC3B20008F8493 /* Assets.xcassets in Resources */ = {isa = PBXBuildFile; fileRef = 26957AD428DC3B20008F8493 /* Assets.xcassets */; };
		26957AD828DC3B20008F8493 /* LaunchScreen.storyboard in Resources */ = {isa = PBXBuildFile; fileRef = 26957AD628DC3B20008F8493 /* LaunchScreen.storyboard */; };
		26957AE028DC3CBD008F8493 /* CommitCell.swift in Sources */ = {isa = PBXBuildFile; fileRef = 26957ADF28DC3CBD008F8493 /* CommitCell.swift */; };
		26957AE228DC45FB008F8493 /* DetailCommitVC.swift in Sources */ = {isa = PBXBuildFile; fileRef = 26957AE128DC45FB008F8493 /* DetailCommitVC.swift */; };
		26957AE728DC4A14008F8493 /* Extension.swift in Sources */ = {isa = PBXBuildFile; fileRef = 26957AE628DC4A14008F8493 /* Extension.swift */; };
/* End PBXBuildFile section */

/* Begin PBXFileReference section */
		26957AC828DC3B1A008F8493 /* CommitMonitor.app */ = {isa = PBXFileReference; explicitFileType = wrapper.application; includeInIndex = 0; path = CommitMonitor.app; sourceTree = BUILT_PRODUCTS_DIR; };
		26957ACB28DC3B1A008F8493 /* AppDelegate.swift */ = {isa = PBXFileReference; lastKnownFileType = sourcecode.swift; path = AppDelegate.swift; sourceTree = "<group>"; };
		26957ACD28DC3B1A008F8493 /* SceneDelegate.swift */ = {isa = PBXFileReference; lastKnownFileType = sourcecode.swift; path = SceneDelegate.swift; sourceTree = "<group>"; };
		26957ACF28DC3B1A008F8493 /* CommitVC.swift */ = {isa = PBXFileReference; lastKnownFileType = sourcecode.swift; path = CommitVC.swift; sourceTree = "<group>"; };
		26957AD228DC3B1A008F8493 /* Base */ = {isa = PBXFileReference; lastKnownFileType = file.storyboard; name = Base; path = Base.lproj/Main.storyboard; sourceTree = "<group>"; };
		26957AD428DC3B20008F8493 /* Assets.xcassets */ = {isa = PBXFileReference; lastKnownFileType = folder.assetcatalog; path = Assets.xcassets; sourceTree = "<group>"; };
		26957AD728DC3B20008F8493 /* Base */ = {isa = PBXFileReference; lastKnownFileType = file.storyboard; name = Base; path = Base.lproj/LaunchScreen.storyboard; sourceTree = "<group>"; };
		26957AD928DC3B20008F8493 /* Info.plist */ = {isa = PBXFileReference; lastKnownFileType = text.plist.xml; path = Info.plist; sourceTree = "<group>"; };
		26957ADF28DC3CBD008F8493 /* CommitCell.swift */ = {isa = PBXFileReference; lastKnownFileType = sourcecode.swift; path = CommitCell.swift; sourceTree = "<group>"; };
		26957AE128DC45FB008F8493 /* DetailCommitVC.swift */ = {isa = PBXFileReference; lastKnownFileType = sourcecode.swift; path = DetailCommitVC.swift; sourceTree = "<group>"; };
		26957AE628DC4A14008F8493 /* Extension.swift */ = {isa = PBXFileReference; lastKnownFileType = sourcecode.swift; path = Extension.swift; sourceTree = "<group>"; };
/* End PBXFileReference section */

/* Begin PBXFrameworksBuildPhase section */
		26957AC528DC3B1A008F8493 /* Frameworks */ = {
			isa = PBXFrameworksBuildPhase;
			buildActionMask = 2147483647;
			files = (
			);
			runOnlyForDeploymentPostprocessing = 0;
		};
/* End PBXFrameworksBuildPhase section */

/* Begin PBXGroup section */
		26957ABF28DC3B1A008F8493 = {
			isa = PBXGroup;
			children = (
				26957ACA28DC3B1A008F8493 /* CommitMonitor */,
				26957AC928DC3B1A008F8493 /* Products */,
			);
			sourceTree = "<group>";
		};
		26957AC928DC3B1A008F8493 /* Products */ = {
			isa = PBXGroup;
			children = (
				26957AC828DC3B1A008F8493 /* CommitMonitor.app */,
			);
			name = Products;
			sourceTree = "<group>";
		};
		26957ACA28DC3B1A008F8493 /* CommitMonitor */ = {
			isa = PBXGroup;
			children = (
				26957ACB28DC3B1A008F8493 /* AppDelegate.swift */,
				26957ACD28DC3B1A008F8493 /* SceneDelegate.swift */,
				26957AE328DC48CC008F8493 /* Controller */,
				26957AE528DC491E008F8493 /* Cell */,
				26957AE428DC48F8008F8493 /* StoryBoard */,
				26957AD428DC3B20008F8493 /* Assets.xcassets */,
				26957AD928DC3B20008F8493 /* Info.plist */,
				26957AE628DC4A14008F8493 /* Extension.swift */,
			);
			path = CommitMonitor;
			sourceTree = "<group>";
		};
		26957AE328DC48CC008F8493 /* Controller */ = {
			isa = PBXGroup;
			children = (
				26957ACF28DC3B1A008F8493 /* CommitVC.swift */,
				26957AE128DC45FB008F8493 /* DetailCommitVC.swift */,
			);
			path = Controller;
			sourceTree = "<group>";
		};
		26957AE428DC48F8008F8493 /* StoryBoard */ = {
			isa = PBXGroup;
			children = (
				26957AD128DC3B1A008F8493 /* Main.storyboard */,
				26957AD628DC3B20008F8493 /* LaunchScreen.storyboard */,
			);
			path = StoryBoard;
			sourceTree = "<group>";
		};
		26957AE528DC491E008F8493 /* Cell */ = {
			isa = PBXGroup;
			children = (
				26957ADF28DC3CBD008F8493 /* CommitCell.swift */,
			);
			path = Cell;
			sourceTree = "<group>";
		};
/* End PBXGroup section */

/* Begin PBXNativeTarget section */
		26957AC728DC3B1A008F8493 /* CommitMonitor */ = {
			isa = PBXNativeTarget;
			buildConfigurationList = 26957ADC28DC3B20008F8493 /* Build configuration list for PBXNativeTarget "CommitMonitor" */;
			buildPhases = (
				26957AC428DC3B1A008F8493 /* Sources */,
				26957AC528DC3B1A008F8493 /* Frameworks */,
				26957AC628DC3B1A008F8493 /* Resources */,
			);
			buildRules = (
			);
			dependencies = (
			);
			name = CommitMonitor;
			productName = CommitMonitor;
			productReference = 26957AC828DC3B1A008F8493 /* CommitMonitor.app */;
			productType = "com.apple.product-type.application";
		};
/* End PBXNativeTarget section */

/* Begin PBXProject section */
		26957AC028DC3B1A008F8493 /* Project object */ = {
			isa = PBXProject;
			attributes = {
				BuildIndependentTargetsInParallel = 1;
				LastSwiftUpdateCheck = 1330;
				LastUpgradeCheck = 1330;
				TargetAttributes = {
					26957AC728DC3B1A008F8493 = {
						CreatedOnToolsVersion = 13.3;
					};
				};
			};
			buildConfigurationList = 26957AC328DC3B1A008F8493 /* Build configuration list for PBXProject "CommitMonitor" */;
			compatibilityVersion = "Xcode 13.0";
			developmentRegion = en;
			hasScannedForEncodings = 0;
			knownRegions = (
				en,
				Base,
			);
			mainGroup = 26957ABF28DC3B1A008F8493;
			productRefGroup = 26957AC928DC3B1A008F8493 /* Products */;
			projectDirPath = "";
			projectRoot = "";
			targets = (
				26957AC728DC3B1A008F8493 /* CommitMonitor */,
			);
		};
/* End PBXProject section */

/* Begin PBXResourcesBuildPhase section */
		26957AC628DC3B1A008F8493 /* Resources */ = {
			isa = PBXResourcesBuildPhase;
			buildActionMask = 2147483647;
			files = (
				26957AD828DC3B20008F8493 /* LaunchScreen.storyboard in Resources */,
				26957AD528DC3B20008F8493 /* Assets.xcassets in Resources */,
				26957AD328DC3B1A008F8493 /* Main.storyboard in Resources */,
			);
			runOnlyForDeploymentPostprocessing = 0;
		};
/* End PBXResourcesBuildPhase section */

/* Begin PBXSourcesBuildPhase section */
		26957AC428DC3B1A008F8493 /* Sources */ = {
			isa = PBXSourcesBuildPhase;
			buildActionMask = 2147483647;
			files = (
				26957AE028DC3CBD008F8493 /* CommitCell.swift in Sources */,
				26957AD028DC3B1A008F8493 /* CommitVC.swift in Sources */,
				26957ACC28DC3B1A008F8493 /* AppDelegate.swift in Sources */,
				26957AE728DC4A14008F8493 /* Extension.swift in Sources */,
				26957ACE28DC3B1A008F8493 /* SceneDelegate.swift in Sources */,
				26957AE228DC45FB008F8493 /* DetailCommitVC.swift in Sources */,
			);
			runOnlyForDeploymentPostprocessing = 0;
		};
/* End PBXSourcesBuildPhase section */

/* Begin PBXVariantGroup section */
		26957AD128DC3B1A008F8493 /* Main.storyboard */ = {
			isa = PBXVariantGroup;
			children = (
				26957AD228DC3B1A008F8493 /* Base */,
			);
			name = Main.storyboard;
			sourceTree = "<group>";
		};
		26957AD628DC3B20008F8493 /* LaunchScreen.storyboard */ = {
			isa = PBXVariantGroup;
			children = (
				26957AD728DC3B20008F8493 /* Base */,
			);
			name = LaunchScreen.storyboard;
			sourceTree = "<group>";
		};
/* End PBXVariantGroup section */

/* Begin XCBuildConfiguration section */
		26957ADA28DC3B20008F8493 /* Debug */ = {
			isa = XCBuildConfiguration;
			buildSettings = {
				ALWAYS_SEARCH_USER_PATHS = NO;
				CLANG_ANALYZER_NONNULL = YES;
				CLANG_ANALYZER_NUMBER_OBJECT_CONVERSION = YES_AGGRESSIVE;
				CLANG_CXX_LANGUAGE_STANDARD = "gnu++17";
				CLANG_ENABLE_MODULES = YES;
				CLANG_ENABLE_OBJC_ARC = YES;
				CLANG_ENABLE_OBJC_WEAK = YES;
				CLANG_WARN_BLOCK_CAPTURE_AUTORELEASING = YES;
				CLANG_WARN_BOOL_CONVERSION = YES;
				CLANG_WARN_COMMA = YES;
				CLANG_WARN_CONSTANT_CONVERSION = YES;
				CLANG_WARN_DEPRECATED_OBJC_IMPLEMENTATIONS = YES;
				CLANG_WARN_DIRECT_OBJC_ISA_USAGE = YES_ERROR;
				CLANG_WARN_DOCUMENTATION_COMMENTS = YES;
				CLANG_WARN_EMPTY_BODY = YES;
				CLANG_WARN_ENUM_CONVERSION = YES;
				CLANG_WARN_INFINITE_RECURSION = YES;
				CLANG_WARN_INT_CONVERSION = YES;
				CLANG_WARN_NON_LITERAL_NULL_CONVERSION = YES;
				CLANG_WARN_OBJC_IMPLICIT_RETAIN_SELF = YES;
				CLANG_WARN_OBJC_LITERAL_CONVERSION = YES;
				CLANG_WARN_OBJC_ROOT_CLASS = YES_ERROR;
				CLANG_WARN_QUOTED_INCLUDE_IN_FRAMEWORK_HEADER = YES;
				CLANG_WARN_RANGE_LOOP_ANALYSIS = YES;
				CLANG_WARN_STRICT_PROTOTYPES = YES;
				CLANG_WARN_SUSPICIOUS_MOVE = YES;
				CLANG_WARN_UNGUARDED_AVAILABILITY = YES_AGGRESSIVE;
				CLANG_WARN_UNREACHABLE_CODE = YES;
				CLANG_WARN__DUPLICATE_METHOD_MATCH = YES;
				COPY_PHASE_STRIP = NO;
				DEBUG_INFORMATION_FORMAT = dwarf;
				ENABLE_STRICT_OBJC_MSGSEND = YES;
				ENABLE_TESTABILITY = YES;
				GCC_C_LANGUAGE_STANDARD = gnu11;
				GCC_DYNAMIC_NO_PIC = NO;
				GCC_NO_COMMON_BLOCKS = YES;
				GCC_OPTIMIZATION_LEVEL = 0;
				GCC_PREPROCESSOR_DEFINITIONS = (
					"DEBUG=1",
					"$(inherited)",
				);
				GCC_WARN_64_TO_32_BIT_CONVERSION = YES;
				GCC_WARN_ABOUT_RETURN_TYPE = YES_ERROR;
				GCC_WARN_UNDECLARED_SELECTOR = YES;
				GCC_WARN_UNINITIALIZED_AUTOS = YES_AGGRESSIVE;
				GCC_WARN_UNUSED_FUNCTION = YES;
				GCC_WARN_UNUSED_VARIABLE = YES;
				IPHONEOS_DEPLOYMENT_TARGET = 15.4;
				MTL_ENABLE_DEBUG_INFO = INCLUDE_SOURCE;
				MTL_FAST_MATH = YES;
				ONLY_ACTIVE_ARCH = YES;
				SDKROOT = iphoneos;
				SWIFT_ACTIVE_COMPILATION_CONDITIONS = DEBUG;
				SWIFT_OPTIMIZATION_LEVEL = "-Onone";
			};
			name = Debug;
		};
		26957ADB28DC3B20008F8493 /* Release */ = {
			isa = XCBuildConfiguration;
			buildSettings = {
				ALWAYS_SEARCH_USER_PATHS = NO;
				CLANG_ANALYZER_NONNULL = YES;
				CLANG_ANALYZER_NUMBER_OBJECT_CONVERSION = YES_AGGRESSIVE;
				CLANG_CXX_LANGUAGE_STANDARD = "gnu++17";
				CLANG_ENABLE_MODULES = YES;
				CLANG_ENABLE_OBJC_ARC = YES;
				CLANG_ENABLE_OBJC_WEAK = YES;
				CLANG_WARN_BLOCK_CAPTURE_AUTORELEASING = YES;
				CLANG_WARN_BOOL_CONVERSION = YES;
				CLANG_WARN_COMMA = YES;
				CLANG_WARN_CONSTANT_CONVERSION = YES;
				CLANG_WARN_DEPRECATED_OBJC_IMPLEMENTATIONS = YES;
				CLANG_WARN_DIRECT_OBJC_ISA_USAGE = YES_ERROR;
				CLANG_WARN_DOCUMENTATION_COMMENTS = YES;
				CLANG_WARN_EMPTY_BODY = YES;
				CLANG_WARN_ENUM_CONVERSION = YES;
				CLANG_WARN_INFINITE_RECURSION = YES;
				CLANG_WARN_INT_CONVERSION = YES;
				CLANG_WARN_NON_LITERAL_NULL_CONVERSION = YES;
				CLANG_WARN_OBJC_IMPLICIT_RETAIN_SELF = YES;
				CLANG_WARN_OBJC_LITERAL_CONVERSION = YES;
				CLANG_WARN_OBJC_ROOT_CLASS = YES_ERROR;
				CLANG_WARN_QUOTED_INCLUDE_IN_FRAMEWORK_HEADER = YES;
				CLANG_WARN_RANGE_LOOP_ANALYSIS = YES;
				CLANG_WARN_STRICT_PROTOTYPES = YES;
				CLANG_WARN_SUSPICIOUS_MOVE = YES;
				CLANG_WARN_UNGUARDED_AVAILABILITY = YES_AGGRESSIVE;
				CLANG_WARN_UNREACHABLE_CODE = YES;
				CLANG_WARN__DUPLICATE_METHOD_MATCH = YES;
				COPY_PHASE_STRIP = NO;
				DEBUG_INFORMATION_FORMAT = "dwarf-with-dsym";
				ENABLE_NS_ASSERTIONS = NO;
				ENABLE_STRICT_OBJC_MSGSEND = YES;
				GCC_C_LANGUAGE_STANDARD = gnu11;
				GCC_NO_COMMON_BLOCKS = YES;
				GCC_WARN_64_TO_32_BIT_CONVERSION = YES;
				GCC_WARN_ABOUT_RETURN_TYPE = YES_ERROR;
				GCC_WARN_UNDECLARED_SELECTOR = YES;
				GCC_WARN_UNINITIALIZED_AUTOS = YES_AGGRESSIVE;
				GCC_WARN_UNUSED_FUNCTION = YES;
				GCC_WARN_UNUSED_VARIABLE = YES;
				IPHONEOS_DEPLOYMENT_TARGET = 15.4;
				MTL_ENABLE_DEBUG_INFO = NO;
				MTL_FAST_MATH = YES;
				SDKROOT = iphoneos;
				SWIFT_COMPILATION_MODE = wholemodule;
				SWIFT_OPTIMIZATION_LEVEL = "-O";
				VALIDATE_PRODUCT = YES;
			};
			name = Release;
		};
		26957ADD28DC3B20008F8493 /* Debug */ = {
			isa = XCBuildConfiguration;
			buildSettings = {
				ASSETCATALOG_COMPILER_APPICON_NAME = AppIcon;
				ASSETCATALOG_COMPILER_GLOBAL_ACCENT_COLOR_NAME = AccentColor;
				CODE_SIGN_STYLE = Automatic;
				CURRENT_PROJECT_VERSION = 1;
				GENERATE_INFOPLIST_FILE = YES;
				INFOPLIST_FILE = CommitMonitor/Info.plist;
				INFOPLIST_KEY_UIApplicationSupportsIndirectInputEvents = YES;
				INFOPLIST_KEY_UILaunchStoryboardName = LaunchScreen;
				INFOPLIST_KEY_UIMainStoryboardFile = Main;
				INFOPLIST_KEY_UISupportedInterfaceOrientations = UIInterfaceOrientationPortrait;
				INFOPLIST_KEY_UISupportedInterfaceOrientations_iPad = "UIInterfaceOrientationPortrait UIInterfaceOrientationPortraitUpsideDown UIInterfaceOrientationLandscapeLeft UIInterfaceOrientationLandscapeRight";
				INFOPLIST_KEY_UISupportedInterfaceOrientations_iPhone = "UIInterfaceOrientationPortrait UIInterfaceOrientationLandscapeLeft UIInterfaceOrientationLandscapeRight";
				IPHONEOS_DEPLOYMENT_TARGET = 13.0;
				LD_RUNPATH_SEARCH_PATHS = (
					"$(inherited)",
					"@executable_path/Frameworks",
				);
				MARKETING_VERSION = 1.0;
				PRODUCT_BUNDLE_IDENTIFIER = com.myProject.CommitMonitor;
				PRODUCT_NAME = "$(TARGET_NAME)";
				SWIFT_EMIT_LOC_STRINGS = YES;
				SWIFT_VERSION = 5.0;
				TARGETED_DEVICE_FAMILY = "1,2";
			};
			name = Debug;
		};
		26957ADE28DC3B20008F8493 /* Release */ = {
			isa = XCBuildConfiguration;
			buildSettings = {
				ASSETCATALOG_COMPILER_APPICON_NAME = AppIcon;
				ASSETCATALOG_COMPILER_GLOBAL_ACCENT_COLOR_NAME = AccentColor;
				CODE_SIGN_STYLE = Automatic;
				CURRENT_PROJECT_VERSION = 1;
				GENERATE_INFOPLIST_FILE = YES;
				INFOPLIST_FILE = CommitMonitor/Info.plist;
				INFOPLIST_KEY_UIApplicationSupportsIndirectInputEvents = YES;
				INFOPLIST_KEY_UILaunchStoryboardName = LaunchScreen;
				INFOPLIST_KEY_UIMainStoryboardFile = Main;
				INFOPLIST_KEY_UISupportedInterfaceOrientations = UIInterfaceOrientationPortrait;
				INFOPLIST_KEY_UISupportedInterfaceOrientations_iPad = "UIInterfaceOrientationPortrait UIInterfaceOrientationPortraitUpsideDown UIInterfaceOrientationLandscapeLeft UIInterfaceOrientationLandscapeRight";
				INFOPLIST_KEY_UISupportedInterfaceOrientations_iPhone = "UIInterfaceOrientationPortrait UIInterfaceOrientationLandscapeLeft UIInterfaceOrientationLandscapeRight";
				IPHONEOS_DEPLOYMENT_TARGET = 13.0;
				LD_RUNPATH_SEARCH_PATHS = (
					"$(inherited)",
					"@executable_path/Frameworks",
				);
				MARKETING_VERSION = 1.0;
				PRODUCT_BUNDLE_IDENTIFIER = com.myProject.CommitMonitor;
				PRODUCT_NAME = "$(TARGET_NAME)";
				SWIFT_EMIT_LOC_STRINGS = YES;
				SWIFT_VERSION = 5.0;
				TARGETED_DEVICE_FAMILY = "1,2";
			};
			name = Release;
		};
/* End XCBuildConfiguration section */

/* Begin XCConfigurationList section */
		26957AC328DC3B1A008F8493 /* Build configuration list for PBXProject "CommitMonitor" */ = {
			isa = XCConfigurationList;
			buildConfigurations = (
				26957ADA28DC3B20008F8493 /* Debug */,
				26957ADB28DC3B20008F8493 /* Release */,
			);
			defaultConfigurationIsVisible = 0;
			defaultConfigurationName = Release;
		};
		26957ADC28DC3B20008F8493 /* Build configuration list for PBXNativeTarget "CommitMonitor" */ = {
			isa = XCConfigurationList;
			buildConfigurations = (
				26957ADD28DC3B20008F8493 /* Debug */,
				26957ADE28DC3B20008F8493 /* Release */,
			);
			defaultConfigurationIsVisible = 0;
			defaultConfigurationName = Release;
		};
/* End XCConfigurationList section */
	};
	rootObject = 26957AC028DC3B1A008F8493 /* Project object */;
}
